// !$*UTF8*$!
{
	archiveVersion = 1;
	classes = {
	};
	objectVersion = 50;
	objects = {

/* Begin PBXBuildFile section */
		0A23C4C122A12782002398AC /* AppDelegate.m in Sources */ = {isa = PBXBuildFile; fileRef = 0A23C4C022A12782002398AC /* AppDelegate.m */; };
		0A23C4C422A12782002398AC /* ViewController.m in Sources */ = {isa = PBXBuildFile; fileRef = 0A23C4C322A12782002398AC /* ViewController.m */; };
		0A23C4C922A12784002398AC /* Assets.xcassets in Resources */ = {isa = PBXBuildFile; fileRef = 0A23C4C822A12784002398AC /* Assets.xcassets */; };
		0A23C4CC22A12784002398AC /* LaunchScreen.storyboard in Resources */ = {isa = PBXBuildFile; fileRef = 0A23C4CA22A12784002398AC /* LaunchScreen.storyboard */; };
		0A23C4CF22A12784002398AC /* main.m in Sources */ = {isa = PBXBuildFile; fileRef = 0A23C4CE22A12784002398AC /* main.m */; };
		0A5CD99422A4BA7B00030BEB /* SKFlowViewController.m in Sources */ = {isa = PBXBuildFile; fileRef = 0A5CD99322A4BA7B00030BEB /* SKFlowViewController.m */; };
		0A5CD99C22A5161000030BEB /* ViewController2.m in Sources */ = {isa = PBXBuildFile; fileRef = 0A5CD99B22A5161000030BEB /* ViewController2.m */; };
		4AA4E0E2DF3742ED2766AC7E /* libPods-SKbase.a in Frameworks */ = {isa = PBXBuildFile; fileRef = 80DEDA91CDDA4DC88F511A8D /* libPods-SKbase.a */; };
/* End PBXBuildFile section */

/* Begin PBXFileReference section */
		0A23C4BC22A12782002398AC /* SKbase.app */ = {isa = PBXFileReference; explicitFileType = wrapper.application; includeInIndex = 0; path = SKbase.app; sourceTree = BUILT_PRODUCTS_DIR; };
		0A23C4BF22A12782002398AC /* AppDelegate.h */ = {isa = PBXFileReference; lastKnownFileType = sourcecode.c.h; path = AppDelegate.h; sourceTree = "<group>"; };
		0A23C4C022A12782002398AC /* AppDelegate.m */ = {isa = PBXFileReference; lastKnownFileType = sourcecode.c.objc; path = AppDelegate.m; sourceTree = "<group>"; };
		0A23C4C222A12782002398AC /* ViewController.h */ = {isa = PBXFileReference; lastKnownFileType = sourcecode.c.h; path = ViewController.h; sourceTree = "<group>"; };
		0A23C4C322A12782002398AC /* ViewController.m */ = {isa = PBXFileReference; lastKnownFileType = sourcecode.c.objc; path = ViewController.m; sourceTree = "<group>"; };
		0A23C4C822A12784002398AC /* Assets.xcassets */ = {isa = PBXFileReference; lastKnownFileType = folder.assetcatalog; path = Assets.xcassets; sourceTree = "<group>"; };
		0A23C4CB22A12784002398AC /* Base */ = {isa = PBXFileReference; lastKnownFileType = file.storyboard; name = Base; path = Base.lproj/LaunchScreen.storyboard; sourceTree = "<group>"; };
		0A23C4CD22A12784002398AC /* Info.plist */ = {isa = PBXFileReference; lastKnownFileType = text.plist.xml; path = Info.plist; sourceTree = "<group>"; };
		0A23C4CE22A12784002398AC /* main.m */ = {isa = PBXFileReference; lastKnownFileType = sourcecode.c.objc; path = main.m; sourceTree = "<group>"; };
		0A43625622A12862000FE4A4 /* PrefixHeader.pch */ = {isa = PBXFileReference; lastKnownFileType = sourcecode.c.h; path = PrefixHeader.pch; sourceTree = "<group>"; };
		0A5CD99222A4BA7B00030BEB /* SKFlowViewController.h */ = {isa = PBXFileReference; lastKnownFileType = sourcecode.c.h; path = SKFlowViewController.h; sourceTree = "<group>"; };
		0A5CD99322A4BA7B00030BEB /* SKFlowViewController.m */ = {isa = PBXFileReference; lastKnownFileType = sourcecode.c.objc; path = SKFlowViewController.m; sourceTree = "<group>"; };
		0A5CD99A22A5161000030BEB /* ViewController2.h */ = {isa = PBXFileReference; lastKnownFileType = sourcecode.c.h; path = ViewController2.h; sourceTree = "<group>"; };
		0A5CD99B22A5161000030BEB /* ViewController2.m */ = {isa = PBXFileReference; lastKnownFileType = sourcecode.c.objc; path = ViewController2.m; sourceTree = "<group>"; };
		2DEA6A42527C041443621F96 /* Pods-SKbase.release.xcconfig */ = {isa = PBXFileReference; includeInIndex = 1; lastKnownFileType = text.xcconfig; name = "Pods-SKbase.release.xcconfig"; path = "Pods/Target Support Files/Pods-SKbase/Pods-SKbase.release.xcconfig"; sourceTree = "<group>"; };
		80DEDA91CDDA4DC88F511A8D /* libPods-SKbase.a */ = {isa = PBXFileReference; explicitFileType = archive.ar; includeInIndex = 0; path = "libPods-SKbase.a"; sourceTree = BUILT_PRODUCTS_DIR; };
		D12C764F997DCCF05CFDAADB /* Pods-SKbase.debug.xcconfig */ = {isa = PBXFileReference; includeInIndex = 1; lastKnownFileType = text.xcconfig; name = "Pods-SKbase.debug.xcconfig"; path = "Pods/Target Support Files/Pods-SKbase/Pods-SKbase.debug.xcconfig"; sourceTree = "<group>"; };
/* End PBXFileReference section */

/* Begin PBXFrameworksBuildPhase section */
		0A23C4B922A12782002398AC /* Frameworks */ = {
			isa = PBXFrameworksBuildPhase;
			buildActionMask = 2147483647;
			files = (
				4AA4E0E2DF3742ED2766AC7E /* libPods-SKbase.a in Frameworks */,
			);
			runOnlyForDeploymentPostprocessing = 0;
		};
/* End PBXFrameworksBuildPhase section */

/* Begin PBXGroup section */
		0A23C4B322A12782002398AC = {
			isa = PBXGroup;
			children = (
				0A5CD99122A4BA5F00030BEB /* Base */,
				0A43625522A1284F000FE4A4 /* Src */,
				0A23C4BE22A12782002398AC /* SKbase */,
				0A23C4BD22A12782002398AC /* Products */,
				BF826BDF33B8FFC5936CA88F /* Pods */,
				F1B82D5E5A53D64B45433B80 /* Frameworks */,
			);
			sourceTree = "<group>";
		};
		0A23C4BD22A12782002398AC /* Products */ = {
			isa = PBXGroup;
			children = (
				0A23C4BC22A12782002398AC /* SKbase.app */,
			);
			name = Products;
			sourceTree = "<group>";
		};
		0A23C4BE22A12782002398AC /* SKbase */ = {
			isa = PBXGroup;
			children = (
				0A23C4BF22A12782002398AC /* AppDelegate.h */,
				0A23C4C022A12782002398AC /* AppDelegate.m */,
				0A23C4C822A12784002398AC /* Assets.xcassets */,
				0A23C4CA22A12784002398AC /* LaunchScreen.storyboard */,
				0A23C4CD22A12784002398AC /* Info.plist */,
				0A23C4CE22A12784002398AC /* main.m */,
				0A43625622A12862000FE4A4 /* PrefixHeader.pch */,
			);
			path = SKbase;
			sourceTree = "<group>";
		};
		0A43625522A1284F000FE4A4 /* Src */ = {
			isa = PBXGroup;
			children = (
				0A23C4C222A12782002398AC /* ViewController.h */,
				0A23C4C322A12782002398AC /* ViewController.m */,
				0A5CD99A22A5161000030BEB /* ViewController2.h */,
				0A5CD99B22A5161000030BEB /* ViewController2.m */,
			);
			path = Src;
			sourceTree = "<group>";
		};
		0A5CD99122A4BA5F00030BEB /* Base */ = {
			isa = PBXGroup;
			children = (
				0A5CD99222A4BA7B00030BEB /* SKFlowViewController.h */,
				0A5CD99322A4BA7B00030BEB /* SKFlowViewController.m */,
			);
			path = Base;
			sourceTree = "<group>";
		};
		BF826BDF33B8FFC5936CA88F /* Pods */ = {
			isa = PBXGroup;
			children = (
				D12C764F997DCCF05CFDAADB /* Pods-SKbase.debug.xcconfig */,
				2DEA6A42527C041443621F96 /* Pods-SKbase.release.xcconfig */,
			);
			name = Pods;
			sourceTree = "<group>";
		};
		F1B82D5E5A53D64B45433B80 /* Frameworks */ = {
			isa = PBXGroup;
			children = (
				80DEDA91CDDA4DC88F511A8D /* libPods-SKbase.a */,
			);
			name = Frameworks;
			sourceTree = "<group>";
		};
/* End PBXGroup section */

/* Begin PBXNativeTarget section */
		0A23C4BB22A12782002398AC /* SKbase */ = {
			isa = PBXNativeTarget;
			buildConfigurationList = 0A23C4D222A12784002398AC /* Build configuration list for PBXNativeTarget "SKbase" */;
			buildPhases = (
				685B278E5B98237AB1B3EFB1 /* [CP] Check Pods Manifest.lock */,
				0A23C4B822A12782002398AC /* Sources */,
				0A23C4B922A12782002398AC /* Frameworks */,
				0A23C4BA22A12782002398AC /* Resources */,
			);
			buildRules = (
			);
			dependencies = (
			);
			name = SKbase;
			productName = SKbase;
			productReference = 0A23C4BC22A12782002398AC /* SKbase.app */;
			productType = "com.apple.product-type.application";
		};
/* End PBXNativeTarget section */

/* Begin PBXProject section */
		0A23C4B422A12782002398AC /* Project object */ = {
			isa = PBXProject;
			attributes = {
				LastUpgradeCheck = 1020;
				ORGANIZATIONNAME = com.SKbase.www;
				TargetAttributes = {
					0A23C4BB22A12782002398AC = {
						CreatedOnToolsVersion = 10.2.1;
					};
				};
			};
			buildConfigurationList = 0A23C4B722A12782002398AC /* Build configuration list for PBXProject "SKbase" */;
			compatibilityVersion = "Xcode 9.3";
			developmentRegion = en;
			hasScannedForEncodings = 0;
			knownRegions = (
				en,
				Base,
			);
			mainGroup = 0A23C4B322A12782002398AC;
			productRefGroup = 0A23C4BD22A12782002398AC /* Products */;
			projectDirPath = "";
			projectRoot = "";
			targets = (
				0A23C4BB22A12782002398AC /* SKbase */,
			);
		};
/* End PBXProject section */

/* Begin PBXResourcesBuildPhase section */
		0A23C4BA22A12782002398AC /* Resources */ = {
			isa = PBXResourcesBuildPhase;
			buildActionMask = 2147483647;
			files = (
				0A23C4CC22A12784002398AC /* LaunchScreen.storyboard in Resources */,
				0A23C4C922A12784002398AC /* Assets.xcassets in Resources */,
			);
			runOnlyForDeploymentPostprocessing = 0;
		};
/* End PBXResourcesBuildPhase section */

/* Begin PBXShellScriptBuildPhase section */
		685B278E5B98237AB1B3EFB1 /* [CP] Check Pods Manifest.lock */ = {
			isa = PBXShellScriptBuildPhase;
			buildActionMask = 2147483647;
			files = (
			);
			inputFileListPaths = (
			);
			inputPaths = (
				"${PODS_PODFILE_DIR_PATH}/Podfile.lock",
				"${PODS_ROOT}/Manifest.lock",
			);
			name = "[CP] Check Pods Manifest.lock";
			outputFileListPaths = (
			);
			outputPaths = (
				"$(DERIVED_FILE_DIR)/Pods-SKbase-checkManifestLockResult.txt",
			);
			runOnlyForDeploymentPostprocessing = 0;
			shellPath = /bin/sh;
			shellScript = "diff \"${PODS_PODFILE_DIR_PATH}/Podfile.lock\" \"${PODS_ROOT}/Manifest.lock\" > /dev/null\nif [ $? != 0 ] ; then\n    # print error to STDERR\n    echo \"error: The sandbox is not in sync with the Podfile.lock. Run 'pod install' or update your CocoaPods installation.\" >&2\n    exit 1\nfi\n# This output is used by Xcode 'outputs' to avoid re-running this script phase.\necho \"SUCCESS\" > \"${SCRIPT_OUTPUT_FILE_0}\"\n";
			showEnvVarsInLog = 0;
		};
/* End PBXShellScriptBuildPhase section */

/* Begin PBXSourcesBuildPhase section */
		0A23C4B822A12782002398AC /* Sources */ = {
			isa = PBXSourcesBuildPhase;
			buildActionMask = 2147483647;
			files = (
				0A23C4C422A12782002398AC /* ViewController.m in Sources */,
				0A23C4CF22A12784002398AC /* main.m in Sources */,
				0A5CD99C22A5161000030BEB /* ViewController2.m in Sources */,
				0A5CD99422A4BA7B00030BEB /* SKFlowViewController.m in Sources */,
				0A23C4C122A12782002398AC /* AppDelegate.m in Sources */,
			);
			runOnlyForDeploymentPostprocessing = 0;
		};
/* End PBXSourcesBuildPhase section */

/* Begin PBXVariantGroup section */
		0A23C4CA22A12784002398AC /* LaunchScreen.storyboard */ = {
			isa = PBXVariantGroup;
			children = (
				0A23C4CB22A12784002398AC /* Base */,
			);
			name = LaunchScreen.storyboard;
			sourceTree = "<group>";
		};
/* End PBXVariantGroup section */

/* Begin XCBuildConfiguration section */
		0A23C4D022A12784002398AC /* Debug */ = {
			isa = XCBuildConfiguration;
			buildSettings = {
				ALWAYS_SEARCH_USER_PATHS = NO;
				CLANG_ANALYZER_NONNULL = YES;
				CLANG_ANALYZER_NUMBER_OBJECT_CONVERSION = YES_AGGRESSIVE;
				CLANG_CXX_LANGUAGE_STANDARD = "gnu++14";
				CLANG_CXX_LIBRARY = "libc++";
				CLANG_ENABLE_MODULES = YES;
				CLANG_ENABLE_OBJC_ARC = YES;
				CLANG_ENABLE_OBJC_WEAK = YES;
				CLANG_WARN_BLOCK_CAPTURE_AUTORELEASING = YES;
				CLANG_WARN_BOOL_CONVERSION = YES;
				CLANG_WARN_COMMA = YES;
				CLANG_WARN_CONSTANT_CONVERSION = YES;
				CLANG_WARN_DEPRECATED_OBJC_IMPLEMENTATIONS = YES;
				CLANG_WARN_DIRECT_OBJC_ISA_USAGE = YES_ERROR;
				CLANG_WARN_DOCUMENTATION_COMMENTS = YES;
				CLANG_WARN_EMPTY_BODY = YES;
				CLANG_WARN_ENUM_CONVERSION = YES;
				CLANG_WARN_INFINITE_RECURSION = YES;
				CLANG_WARN_INT_CONVERSION = YES;
				CLANG_WARN_NON_LITERAL_NULL_CONVERSION = YES;
				CLANG_WARN_OBJC_IMPLICIT_RETAIN_SELF = YES;
				CLANG_WARN_OBJC_LITERAL_CONVERSION = YES;
				CLANG_WARN_OBJC_ROOT_CLASS = YES_ERROR;
				CLANG_WARN_RANGE_LOOP_ANALYSIS = YES;
				CLANG_WARN_STRICT_PROTOTYPES = YES;
				CLANG_WARN_SUSPICIOUS_MOVE = YES;
				CLANG_WARN_UNGUARDED_AVAILABILITY = YES_AGGRESSIVE;
				CLANG_WARN_UNREACHABLE_CODE = YES;
				CLANG_WARN__DUPLICATE_METHOD_MATCH = YES;
				CODE_SIGN_IDENTITY = "iPhone Developer";
				COPY_PHASE_STRIP = NO;
				DEBUG_INFORMATION_FORMAT = dwarf;
				ENABLE_STRICT_OBJC_MSGSEND = YES;
				ENABLE_TESTABILITY = YES;
				GCC_C_LANGUAGE_STANDARD = gnu11;
				GCC_DYNAMIC_NO_PIC = NO;
				GCC_NO_COMMON_BLOCKS = YES;
				GCC_OPTIMIZATION_LEVEL = 0;
				GCC_PREPROCESSOR_DEFINITIONS = (
					"DEBUG=1",
					"$(inherited)",
				);
				GCC_WARN_64_TO_32_BIT_CONVERSION = YES;
				GCC_WARN_ABOUT_RETURN_TYPE = YES_ERROR;
				GCC_WARN_UNDECLARED_SELECTOR = YES;
				GCC_WARN_UNINITIALIZED_AUTOS = YES_AGGRESSIVE;
				GCC_WARN_UNUSED_FUNCTION = YES;
				GCC_WARN_UNUSED_VARIABLE = YES;
				IPHONEOS_DEPLOYMENT_TARGET = 12.2;
				MTL_ENABLE_DEBUG_INFO = INCLUDE_SOURCE;
				MTL_FAST_MATH = YES;
				ONLY_ACTIVE_ARCH = YES;
				SDKROOT = iphoneos;
			};
			name = Debug;
		};
		0A23C4D122A12784002398AC /* Release */ = {
			isa = XCBuildConfiguration;
			buildSettings = {
				ALWAYS_SEARCH_USER_PATHS = NO;
				CLANG_ANALYZER_NONNULL = YES;
				CLANG_ANALYZER_NUMBER_OBJECT_CONVERSION = YES_AGGRESSIVE;
				CLANG_CXX_LANGUAGE_STANDARD = "gnu++14";
				CLANG_CXX_LIBRARY = "libc++";
				CLANG_ENABLE_MODULES = YES;
				CLANG_ENABLE_OBJC_ARC = YES;
				CLANG_ENABLE_OBJC_WEAK = YES;
				CLANG_WARN_BLOCK_CAPTURE_AUTORELEASING = YES;
				CLANG_WARN_BOOL_CONVERSION = YES;
				CLANG_WARN_COMMA = YES;
				CLANG_WARN_CONSTANT_CONVERSION = YES;
				CLANG_WARN_DEPRECATED_OBJC_IMPLEMENTATIONS = YES;
				CLANG_WARN_DIRECT_OBJC_ISA_USAGE = YES_ERROR;
				CLANG_WARN_DOCUMENTATION_COMMENTS = YES;
				CLANG_WARN_EMPTY_BODY = YES;
				CLANG_WARN_ENUM_CONVERSION = YES;
				CLANG_WARN_INFINITE_RECURSION = YES;
				CLANG_WARN_INT_CONVERSION = YES;
				CLANG_WARN_NON_LITERAL_NULL_CONVERSION = YES;
				CLANG_WARN_OBJC_IMPLICIT_RETAIN_SELF = YES;
				CLANG_WARN_OBJC_LITERAL_CONVERSION = YES;
				CLANG_WARN_OBJC_ROOT_CLASS = YES_ERROR;
				CLANG_WARN_RANGE_LOOP_ANALYSIS = YES;
				CLANG_WARN_STRICT_PROTOTYPES = YES;
				CLANG_WARN_SUSPICIOUS_MOVE = YES;
				CLANG_WARN_UNGUARDED_AVAILABILITY = YES_AGGRESSIVE;
				CLANG_WARN_UNREACHABLE_CODE = YES;
				CLANG_WARN__DUPLICATE_METHOD_MATCH = YES;
				CODE_SIGN_IDENTITY = "iPhone Developer";
				COPY_PHASE_STRIP = NO;
				DEBUG_INFORMATION_FORMAT = "dwarf-with-dsym";
				ENABLE_NS_ASSERTIONS = NO;
				ENABLE_STRICT_OBJC_MSGSEND = YES;
				GCC_C_LANGUAGE_STANDARD = gnu11;
				GCC_NO_COMMON_BLOCKS = YES;
				GCC_WARN_64_TO_32_BIT_CONVERSION = YES;
				GCC_WARN_ABOUT_RETURN_TYPE = YES_ERROR;
				GCC_WARN_UNDECLARED_SELECTOR = YES;
				GCC_WARN_UNINITIALIZED_AUTOS = YES_AGGRESSIVE;
				GCC_WARN_UNUSED_FUNCTION = YES;
				GCC_WARN_UNUSED_VARIABLE = YES;
				IPHONEOS_DEPLOYMENT_TARGET = 12.2;
				MTL_ENABLE_DEBUG_INFO = NO;
				MTL_FAST_MATH = YES;
				SDKROOT = iphoneos;
				VALIDATE_PRODUCT = YES;
			};
			name = Release;
		};
		0A23C4D322A12784002398AC /* Debug */ = {
			isa = XCBuildConfiguration;
			baseConfigurationReference = D12C764F997DCCF05CFDAADB /* Pods-SKbase.debug.xcconfig */;
			buildSettings = {
				ASSETCATALOG_COMPILER_APPICON_NAME = AppIcon;
				CODE_SIGN_STYLE = Automatic;
				DEVELOPMENT_TEAM = Z9GAFZ4CC9;
				GCC_PREFIX_HEADER = "$(SRCROOT)/SKbase/PrefixHeader.pch";
				INFOPLIST_FILE = SKbase/Info.plist;
				IPHONEOS_DEPLOYMENT_TARGET = 9.0;
				LD_RUNPATH_SEARCH_PATHS = (
					"$(inherited)",
					"@executable_path/Frameworks",
				);
				PRODUCT_BUNDLE_IDENTIFIER = com.SKbase.www.SKbase;
				PRODUCT_NAME = "$(TARGET_NAME)";
				TARGETED_DEVICE_FAMILY = "1,2";
			};
			name = Debug;
		};
		0A23C4D422A12784002398AC /* Release */ = {
			isa = XCBuildConfiguration;
			baseConfigurationReference = 2DEA6A42527C041443621F96 /* Pods-SKbase.release.xcconfig */;
			buildSettings = {
				ASSETCATALOG_COMPILER_APPICON_NAME = AppIcon;
				CODE_SIGN_STYLE = Automatic;
				DEVELOPMENT_TEAM = Z9GAFZ4CC9;
				GCC_PREFIX_HEADER = "$(SRCROOT)/SKbase/PrefixHeader.pch";
				INFOPLIST_FILE = SKbase/Info.plist;
				IPHONEOS_DEPLOYMENT_TARGET = 9.0;
				LD_RUNPATH_SEARCH_PATHS = (
					"$(inherited)",
					"@executable_path/Frameworks",
				);
				PRODUCT_BUNDLE_IDENTIFIER = com.SKbase.www.SKbase;
				PRODUCT_NAME = "$(TARGET_NAME)";
				TARGETED_DEVICE_FAMILY = "1,2";
			};
			name = Release;
		};
/* End XCBuildConfiguration section */

/* Begin XCConfigurationList section */
		0A23C4B722A12782002398AC /* Build configuration list for PBXProject "SKbase" */ = {
			isa = XCConfigurationList;
			buildConfigurations = (
				0A23C4D022A12784002398AC /* Debug */,
				0A23C4D122A12784002398AC /* Release */,
			);
			defaultConfigurationIsVisible = 0;
			defaultConfigurationName = Release;
		};
		0A23C4D222A12784002398AC /* Build configuration list for PBXNativeTarget "SKbase" */ = {
			isa = XCConfigurationList;
			buildConfigurations = (
				0A23C4D322A12784002398AC /* Debug */,
				0A23C4D422A12784002398AC /* Release */,
			);
			defaultConfigurationIsVisible = 0;
			defaultConfigurationName = Release;
		};
/* End XCConfigurationList section */
	};
	rootObject = 0A23C4B422A12782002398AC /* Project object */;
}
